
Microsoft Visual Studio Solution File, Format Version 12.00
# Visual Studio Version 17
VisualStudioVersion = 17.2.32519.379
MinimumVisualStudioVersion = 10.0.40219.1
Project("{9A19103F-16F7-4668-BE54-9A1E7A4F7556}") = "App", "App\App.csproj", "{51F353A0-E041-4C01-ACC9-087008C9E26E}"
EndProject
Project("{FAE04EC0-301F-11D3-BF4B-00C04F79EFBC}") = "App.Database", "App.Database\App.Database.csproj", "{A7EC8F91-C05E-423E-96CD-B789E9087A49}"
EndProject
Project("{FAE04EC0-301F-11D3-BF4B-00C04F79EFBC}") = "App.Data", "App.Data\App.Data.csproj", "{CA0F021E-645E-4B92-B180-6BF95CEC858E}"
EndProject
Project("{FAE04EC0-301F-11D3-BF4B-00C04F79EFBC}") = "App.Models", "App.Models\App.Models.csproj", "{F742A5A6-0B7A-49FA-A37F-ED97912E95F3}"
EndProject
Global
	GlobalSection(SolutionConfigurationPlatforms) = preSolution
		Debug|Any CPU = Debug|Any CPU
		Release|Any CPU = Release|Any CPU
	EndGlobalSection
	GlobalSection(ProjectConfigurationPlatforms) = postSolution
		{51F353A0-E041-4C01-ACC9-087008C9E26E}.Debug|Any CPU.ActiveCfg = Debug|Any CPU
		{51F353A0-E041-4C01-ACC9-087008C9E26E}.Debug|Any CPU.Build.0 = Debug|Any CPU
		{51F353A0-E041-4C01-ACC9-087008C9E26E}.Release|Any CPU.ActiveCfg = Release|Any CPU
		{51F353A0-E041-4C01-ACC9-087008C9E26E}.Release|Any CPU.Build.0 = Release|Any CPU
		{A7EC8F91-C05E-423E-96CD-B789E9087A49}.Debug|Any CPU.ActiveCfg = Debug|Any CPU
		{A7EC8F91-C05E-423E-96CD-B789E9087A49}.Debug|Any CPU.Build.0 = Debug|Any CPU
		{A7EC8F91-C05E-423E-96CD-B789E9087A49}.Release|Any CPU.ActiveCfg = Release|Any CPU
		{A7EC8F91-C05E-423E-96CD-B789E9087A49}.Release|Any CPU.Build.0 = Release|Any CPU
		{CA0F021E-645E-4B92-B180-6BF95CEC858E}.Debug|Any CPU.ActiveCfg = Debug|Any CPU
		{CA0F021E-645E-4B92-B180-6BF95CEC858E}.Debug|Any CPU.Build.0 = Debug|Any CPU
		{CA0F021E-645E-4B92-B180-6BF95CEC858E}.Release|Any CPU.ActiveCfg = Release|Any CPU
		{CA0F021E-645E-4B92-B180-6BF95CEC858E}.Release|Any CPU.Build.0 = Release|Any CPU
		{F742A5A6-0B7A-49FA-A37F-ED97912E95F3}.Debug|Any CPU.ActiveCfg = Debug|Any CPU
		{F742A5A6-0B7A-49FA-A37F-ED97912E95F3}.Debug|Any CPU.Build.0 = Debug|Any CPU
		{F742A5A6-0B7A-49FA-A37F-ED97912E95F3}.Release|Any CPU.ActiveCfg = Release|Any CPU
		{F742A5A6-0B7A-49FA-A37F-ED97912E95F3}.Release|Any CPU.Build.0 = Release|Any CPU
	EndGlobalSection
	GlobalSection(SolutionProperties) = preSolution
		HideSolutionNode = FALSE
	EndGlobalSection
	GlobalSection(ExtensibilityGlobals) = postSolution
		SolutionGuid = {6C7F546C-91C6-4AA6-94E3-8DF120D52C95}
	EndGlobalSection
EndGlobal
