
Microsoft Visual Studio Solution File, Format Version 12.00
# Visual Studio Version 16
VisualStudioVersion = 25.0.1703.7
MinimumVisualStudioVersion = 10.0.40219.1
Project("{FAE04EC0-301F-11D3-BF4B-00C04F79EFBC}") = "App", "App\App.csproj", "{51F353A0-E041-4C01-ACC9-087008C9E26E}"
EndProject
Global
	GlobalSection(SolutionConfigurationPlatforms) = preSolution
		Debug|Any CPU = Debug|Any CPU
		Release|Any CPU = Release|Any CPU
	EndGlobalSection
	GlobalSection(ProjectConfigurationPlatforms) = postSolution
		{51F353A0-E041-4C01-ACC9-087008C9E26E}.Debug|Any CPU.ActiveCfg = Debug|Any CPU
		{51F353A0-E041-4C01-ACC9-087008C9E26E}.Debug|Any CPU.Build.0 = Debug|Any CPU
		{51F353A0-E041-4C01-ACC9-087008C9E26E}.Release|Any CPU.ActiveCfg = Release|Any CPU
		{51F353A0-E041-4C01-ACC9-087008C9E26E}.Release|Any CPU.Build.0 = Release|Any CPU
	EndGlobalSection
	GlobalSection(SolutionProperties) = preSolution
		HideSolutionNode = FALSE
	EndGlobalSection
	GlobalSection(ExtensibilityGlobals) = postSolution
		SolutionGuid = {6C7F546C-91C6-4AA6-94E3-8DF120D52C95}
	EndGlobalSection
EndGlobal
